
Microsoft Visual Studio Solution File, Format Version 12.00
# Visual Studio Version 17
VisualStudioVersion = 17.11.35222.181
MinimumVisualStudioVersion = 10.0.40219.1
Project("{2150E333-8FDC-42A3-9474-1A3956D46DE8}") = "ChallengeN5.Command", "ChallengeN5.Command", "{7BC188A6-7D61-43DC-87C5-B642B7E36B25}"
EndProject
Project("{2150E333-8FDC-42A3-9474-1A3956D46DE8}") = "ChallengeN5.Query", "ChallengeN5.Query", "{BDCC561E-D44B-4C7C-83AB-3E2FED4B168E}"
EndProject
Project("{9A19103F-16F7-4668-BE54-9A1E7A4F7556}") = "ChallengeN5.Command.Domain", "ChallengeN5.Command\ChallengeN5.Command.Domain\ChallengeN5.Command.Domain.csproj", "{A964E13D-E5CA-465E-AF35-A7BA710BF5D4}"
EndProject
Project("{9A19103F-16F7-4668-BE54-9A1E7A4F7556}") = "ChallengeN5.Command.API", "ChallengeN5.Command\ChallengeN5.Command.API\ChallengeN5.Command.API.csproj", "{7DD19860-A30E-4CEE-8427-F5905874DC99}"
EndProject
Project("{9A19103F-16F7-4668-BE54-9A1E7A4F7556}") = "ChallengeN5.Command.Persistance", "ChallengeN5.Command\ChallengeN5.Command.Persistance\ChallengeN5.Command.Persistance.csproj", "{D26966A2-ABC3-488C-B6BD-C77798EF34C7}"
EndProject
Project("{9A19103F-16F7-4668-BE54-9A1E7A4F7556}") = "ChallengeN5.Query.API", "ChallengeN5.Query\ChallengeN5.Query.API\ChallengeN5.Query.API.csproj", "{6244F491-3EAB-4F5A-8EB5-F883713238DC}"
EndProject
Project("{E53339B2-1760-4266-BCC7-CA923CBCF16C}") = "docker-compose", "docker-compose.dcproj", "{D4B3B626-B929-4691-9F30-A60D90F2F2D9}"
EndProject
Global
	GlobalSection(SolutionConfigurationPlatforms) = preSolution
		Debug|Any CPU = Debug|Any CPU
		Release|Any CPU = Release|Any CPU
	EndGlobalSection
	GlobalSection(ProjectConfigurationPlatforms) = postSolution
		{A964E13D-E5CA-465E-AF35-A7BA710BF5D4}.Debug|Any CPU.ActiveCfg = Debug|Any CPU
		{A964E13D-E5CA-465E-AF35-A7BA710BF5D4}.Debug|Any CPU.Build.0 = Debug|Any CPU
		{A964E13D-E5CA-465E-AF35-A7BA710BF5D4}.Release|Any CPU.ActiveCfg = Release|Any CPU
		{A964E13D-E5CA-465E-AF35-A7BA710BF5D4}.Release|Any CPU.Build.0 = Release|Any CPU
		{7DD19860-A30E-4CEE-8427-F5905874DC99}.Debug|Any CPU.ActiveCfg = Debug|Any CPU
		{7DD19860-A30E-4CEE-8427-F5905874DC99}.Debug|Any CPU.Build.0 = Debug|Any CPU
		{7DD19860-A30E-4CEE-8427-F5905874DC99}.Release|Any CPU.ActiveCfg = Release|Any CPU
		{7DD19860-A30E-4CEE-8427-F5905874DC99}.Release|Any CPU.Build.0 = Release|Any CPU
		{D26966A2-ABC3-488C-B6BD-C77798EF34C7}.Debug|Any CPU.ActiveCfg = Debug|Any CPU
		{D26966A2-ABC3-488C-B6BD-C77798EF34C7}.Debug|Any CPU.Build.0 = Debug|Any CPU
		{D26966A2-ABC3-488C-B6BD-C77798EF34C7}.Release|Any CPU.ActiveCfg = Release|Any CPU
		{D26966A2-ABC3-488C-B6BD-C77798EF34C7}.Release|Any CPU.Build.0 = Release|Any CPU
		{6244F491-3EAB-4F5A-8EB5-F883713238DC}.Debug|Any CPU.ActiveCfg = Debug|Any CPU
		{6244F491-3EAB-4F5A-8EB5-F883713238DC}.Debug|Any CPU.Build.0 = Debug|Any CPU
		{6244F491-3EAB-4F5A-8EB5-F883713238DC}.Release|Any CPU.ActiveCfg = Release|Any CPU
		{6244F491-3EAB-4F5A-8EB5-F883713238DC}.Release|Any CPU.Build.0 = Release|Any CPU
		{D4B3B626-B929-4691-9F30-A60D90F2F2D9}.Debug|Any CPU.ActiveCfg = Debug|Any CPU
		{D4B3B626-B929-4691-9F30-A60D90F2F2D9}.Debug|Any CPU.Build.0 = Debug|Any CPU
		{D4B3B626-B929-4691-9F30-A60D90F2F2D9}.Release|Any CPU.ActiveCfg = Release|Any CPU
		{D4B3B626-B929-4691-9F30-A60D90F2F2D9}.Release|Any CPU.Build.0 = Release|Any CPU
	EndGlobalSection
	GlobalSection(SolutionProperties) = preSolution
		HideSolutionNode = FALSE
	EndGlobalSection
	GlobalSection(NestedProjects) = preSolution
		{A964E13D-E5CA-465E-AF35-A7BA710BF5D4} = {7BC188A6-7D61-43DC-87C5-B642B7E36B25}
		{7DD19860-A30E-4CEE-8427-F5905874DC99} = {7BC188A6-7D61-43DC-87C5-B642B7E36B25}
		{D26966A2-ABC3-488C-B6BD-C77798EF34C7} = {7BC188A6-7D61-43DC-87C5-B642B7E36B25}
		{6244F491-3EAB-4F5A-8EB5-F883713238DC} = {BDCC561E-D44B-4C7C-83AB-3E2FED4B168E}
	EndGlobalSection
	GlobalSection(ExtensibilityGlobals) = postSolution
		SolutionGuid = {12D55751-6B32-48EC-A773-088A679D0519}
	EndGlobalSection
EndGlobal
